Microsoft Visual Studio Solution File, Format Version 12.00
# Visual Studio Version 17
VisualStudioVersion = 17.5.2.0
MinimumVisualStudioVersion = 10.0.40219.1
Project("{FAE04EC0-301F-11D3-BF4B-00C04F79EFBC}") = "lab_5", "lab_5\lab_5.csproj", "{E629EB6F-651A-1429-1C83-DA2361FA042C}"
EndProject
Global
	GlobalSection(SolutionConfigurationPlatforms) = preSolution
		Debug|Any CPU = Debug|Any CPU
		Release|Any CPU = Release|Any CPU
	EndGlobalSection
	GlobalSection(ProjectConfigurationPlatforms) = postSolution
		{E629EB6F-651A-1429-1C83-DA2361FA042C}.Debug|Any CPU.ActiveCfg = Debug|Any CPU
		{E629EB6F-651A-1429-1C83-DA2361FA042C}.Debug|Any CPU.Build.0 = Debug|Any CPU
		{E629EB6F-651A-1429-1C83-DA2361FA042C}.Release|Any CPU.ActiveCfg = Release|Any CPU
		{E629EB6F-651A-1429-1C83-DA2361FA042C}.Release|Any CPU.Build.0 = Release|Any CPU
	EndGlobalSection
	GlobalSection(SolutionProperties) = preSolution
		HideSolutionNode = FALSE
	EndGlobalSection
	GlobalSection(ExtensibilityGlobals) = postSolution
		SolutionGuid = {59C1304B-719B-4C8C-9105-5F0C486A3EA3}
	EndGlobalSection
EndGlobal
